PODS:
  - Alamofire (4.8.0)
  - Japx (2.0.1):
    - Japx/Core (= 2.0.1)
  - Japx/Core (2.0.1)
  - KeychainSwift (13.0.0)
  - Moya/Core (12.0.1):
    - Alamofire (~> 4.1)
    - Result (~> 4.0)
  - Moya/RxSwift (12.0.1):
    - Moya/Core
    - RxSwift (~> 4.0)
  - ObjectMapper (3.4.2)
  - ReactorKit (1.2.1):
    - RxSwift (>= 4.0.0)
  - Result (4.1.0)
  - RxAtomic (4.4.0)
  - RxCocoa (4.4.0):
    - RxSwift (~> 4.0)
  - RxOptional (3.6.2):
    - RxCocoa (~> 4.0)
    - RxSwift (~> 4.0)
  - RxSwift (4.4.0):
    - RxAtomic (~> 4.4)
  - SnapKit (4.2.0)

DEPENDENCIES:
  - Japx
  - KeychainSwift
  - Moya/RxSwift (~> 12.0)
  - ObjectMapper
  - ReactorKit
  - RxCocoa
  - RxOptional
  - SnapKit

SPEC REPOS:
  https://github.com/cocoapods/specs.git:
    - Alamofire
    - Japx
    - KeychainSwift
    - Moya
    - ObjectMapper
    - ReactorKit
    - Result
    - RxAtomic
    - RxCocoa
    - RxOptional
    - RxSwift
    - SnapKit

SPEC CHECKSUMS:
  Alamofire: 3ec537f71edc9804815215393ae2b1a8ea33a844
  Japx: 153a8a39a71121827bcf89c6f89ef28091f2b3e7
  KeychainSwift: 23d6c16cbc33f20fafa30c3d783241b4b87d998c
  Moya: cf730b3cd9e005401ef37a85143aa141a12fd38f
  ObjectMapper: 0d4402610f4e468903ae64629eec4784531e5c51
  ReactorKit: 8be57f0527ad1ac2963cd5c338274a46a01e57a3
  Result: bd966fac789cc6c1563440b348ab2598cc24d5c7
  RxAtomic: eacf60db868c96bfd63320e28619fe29c179656f
  RxCocoa: df63ebf7b9a70d6b4eeea407ed5dd4efc8979749
  RxOptional: 80426a0ddbd092573e4c482d8cc13302078c4d5e
  RxSwift: 5976ecd04fc2fefd648827c23de5e11157faa973
  SnapKit: fe8a619752f3f27075cc9a90244d75c6c3f27e2a

PODFILE CHECKSUM: 09c1b559d1275ffb0b00fa99d9c71d183f11bf86

COCOAPODS: 1.5.3
