// !$*UTF8*$!
{
	archiveVersion = 1;
	classes = {
	};
	objectVersion = 50;
	objects = {

/* Begin PBXBuildFile section */
		64087B27222A6B7F00D374B9 /* Department.swift in Sources */ = {isa = PBXBuildFile; fileRef = 64087B26222A6B7F00D374B9 /* Department.swift */; };
		641ADB5621F470B4002DD367 /* AuthManager.swift in Sources */ = {isa = PBXBuildFile; fileRef = 641ADB5521F470B4002DD367 /* AuthManager.swift */; };
		645322A52229110D00A842C0 /* Navigator.swift in Sources */ = {isa = PBXBuildFile; fileRef = 645322A42229110D00A842C0 /* Navigator.swift */; };
		645322A72229112D00A842C0 /* NetworkProvider.swift in Sources */ = {isa = PBXBuildFile; fileRef = 645322A62229112D00A842C0 /* NetworkProvider.swift */; };
		645322A92229113B00A842C0 /* Application.swift in Sources */ = {isa = PBXBuildFile; fileRef = 645322A82229113B00A842C0 /* Application.swift */; };
		645322AC2229132600A842C0 /* LoginNetwork.swift in Sources */ = {isa = PBXBuildFile; fileRef = 645322AB2229132600A842C0 /* LoginNetwork.swift */; };
		645322B022292B9A00A842C0 /* img-logo-110-px@3x.png in Resources */ = {isa = PBXBuildFile; fileRef = 645322AD22292B9A00A842C0 /* img-logo-110-px@3x.png */; };
		645322B122292B9A00A842C0 /* img-logo-110-px.png in Resources */ = {isa = PBXBuildFile; fileRef = 645322AE22292B9A00A842C0 /* img-logo-110-px.png */; };
		645322B222292B9A00A842C0 /* img-logo-110-px@2x.png in Resources */ = {isa = PBXBuildFile; fileRef = 645322AF22292B9A00A842C0 /* img-logo-110-px@2x.png */; };
		645322C222292C2100A842C0 /* ic-bookmark-normal@2x.png in Resources */ = {isa = PBXBuildFile; fileRef = 645322B322292C2000A842C0 /* ic-bookmark-normal@2x.png */; };
		645322C322292C2100A842C0 /* ic-detailsearch-normal@2x.png in Resources */ = {isa = PBXBuildFile; fileRef = 645322B422292C2000A842C0 /* ic-detailsearch-normal@2x.png */; };
		645322C422292C2100A842C0 /* ic-profile-normal@3x.png in Resources */ = {isa = PBXBuildFile; fileRef = 645322B522292C2100A842C0 /* ic-profile-normal@3x.png */; };
		645322C522292C2100A842C0 /* ic-logout-normal.png in Resources */ = {isa = PBXBuildFile; fileRef = 645322B622292C2100A842C0 /* ic-logout-normal.png */; };
		645322C622292C2100A842C0 /* ic-profile-normal.png in Resources */ = {isa = PBXBuildFile; fileRef = 645322B722292C2100A842C0 /* ic-profile-normal.png */; };
		645322C722292C2100A842C0 /* ic-profile-normal@2x.png in Resources */ = {isa = PBXBuildFile; fileRef = 645322B822292C2100A842C0 /* ic-profile-normal@2x.png */; };
		645322C822292C2100A842C0 /* ic-bookmark-normal.png in Resources */ = {isa = PBXBuildFile; fileRef = 645322B922292C2100A842C0 /* ic-bookmark-normal.png */; };
		645322C922292C2100A842C0 /* ic-detailsearch-normal.png in Resources */ = {isa = PBXBuildFile; fileRef = 645322BA22292C2100A842C0 /* ic-detailsearch-normal.png */; };
		645322CA22292C2100A842C0 /* ic-logout-normal@2x.png in Resources */ = {isa = PBXBuildFile; fileRef = 645322BB22292C2100A842C0 /* ic-logout-normal@2x.png */; };
		645322CB22292C2100A842C0 /* ic-search-30-px.png in Resources */ = {isa = PBXBuildFile; fileRef = 645322BC22292C2100A842C0 /* ic-search-30-px.png */; };
		645322CC22292C2100A842C0 /* ic-detailsearch-normal@3x.png in Resources */ = {isa = PBXBuildFile; fileRef = 645322BD22292C2100A842C0 /* ic-detailsearch-normal@3x.png */; };
		645322CD22292C2100A842C0 /* ic-search-30-px@2x.png in Resources */ = {isa = PBXBuildFile; fileRef = 645322BE22292C2100A842C0 /* ic-search-30-px@2x.png */; };
		645322CE22292C2100A842C0 /* ic-search-30-px@3x.png in Resources */ = {isa = PBXBuildFile; fileRef = 645322BF22292C2100A842C0 /* ic-search-30-px@3x.png */; };
		645322CF22292C2100A842C0 /* ic-bookmark-normal@3x.png in Resources */ = {isa = PBXBuildFile; fileRef = 645322C022292C2100A842C0 /* ic-bookmark-normal@3x.png */; };
		645322D022292C2100A842C0 /* ic-logout-normal@3x.png in Resources */ = {isa = PBXBuildFile; fileRef = 645322C122292C2100A842C0 /* ic-logout-normal@3x.png */; };
		645322D32229317900A842C0 /* MainNavigator.swift in Sources */ = {isa = PBXBuildFile; fileRef = 645322D22229317900A842C0 /* MainNavigator.swift */; };
		648E262721E9845C00DE0A0F /* ExampleEndpoint.swift in Sources */ = {isa = PBXBuildFile; fileRef = 648E262621E9845C00DE0A0F /* ExampleEndpoint.swift */; };
		648E262921E984AC00DE0A0F /* ExampleModel.swift in Sources */ = {isa = PBXBuildFile; fileRef = 648E262821E984AC00DE0A0F /* ExampleModel.swift */; };
		648E262B21E98C7800DE0A0F /* Observable.swift in Sources */ = {isa = PBXBuildFile; fileRef = 648E262A21E98C7800DE0A0F /* Observable.swift */; };
		648E263121EB4CBE00DE0A0F /* ExampleViewReactor.swift in Sources */ = {isa = PBXBuildFile; fileRef = 648E263021EB4CBE00DE0A0F /* ExampleViewReactor.swift */; };
		64CE464E21ECB76C007EE055 /* Example.storyboard in Resources */ = {isa = PBXBuildFile; fileRef = 64CE464D21ECB76C007EE055 /* Example.storyboard */; };
		64CE465221ECBA7E007EE055 /* SNUEVButton.swift in Sources */ = {isa = PBXBuildFile; fileRef = 64CE465121ECBA7E007EE055 /* SNUEVButton.swift */; };
		64CE465521ECBAC1007EE055 /* Constants.swift in Sources */ = {isa = PBXBuildFile; fileRef = 64CE465421ECBAC1007EE055 /* Constants.swift */; };
		64CE465921ECBFD5007EE055 /* UIColor.swift in Sources */ = {isa = PBXBuildFile; fileRef = 64CE465821ECBFD5007EE055 /* UIColor.swift */; };
		64CE465B21ECC386007EE055 /* UIView.swift in Sources */ = {isa = PBXBuildFile; fileRef = 64CE465A21ECC386007EE055 /* UIView.swift */; };
		64CE465E21ECD064007EE055 /* Login.storyboard in Resources */ = {isa = PBXBuildFile; fileRef = 64CE465D21ECD064007EE055 /* Login.storyboard */; };
		64CE466221ECD462007EE055 /* img-logo-220-px@2x.png in Resources */ = {isa = PBXBuildFile; fileRef = 64CE465F21ECD462007EE055 /* img-logo-220-px@2x.png */; };
		64CE466321ECD462007EE055 /* img-logo-220-px@3x.png in Resources */ = {isa = PBXBuildFile; fileRef = 64CE466021ECD462007EE055 /* img-logo-220-px@3x.png */; };
		64CE466421ECD462007EE055 /* img-logo-220-px.png in Resources */ = {isa = PBXBuildFile; fileRef = 64CE466121ECD462007EE055 /* img-logo-220-px.png */; };
		64CE466621ECDFB1007EE055 /* UIImage.swift in Sources */ = {isa = PBXBuildFile; fileRef = 64CE466521ECDFB1007EE055 /* UIImage.swift */; };
		64CE466821ECE4ED007EE055 /* LoginEndpoint.swift in Sources */ = {isa = PBXBuildFile; fileRef = 64CE466721ECE4ED007EE055 /* LoginEndpoint.swift */; };
		64CE466A21ECE5D3007EE055 /* String.swift in Sources */ = {isa = PBXBuildFile; fileRef = 64CE466921ECE5D3007EE055 /* String.swift */; };
		64CE466C21F0A5D4007EE055 /* LoginViewController.swift in Sources */ = {isa = PBXBuildFile; fileRef = 64CE466B21F0A5D3007EE055 /* LoginViewController.swift */; };
		64CE466E21F0A8FC007EE055 /* LoginViewReactor.swift in Sources */ = {isa = PBXBuildFile; fileRef = 64CE466D21F0A8FC007EE055 /* LoginViewReactor.swift */; };
		64CE467721F0D393007EE055 /* snuev_ios_tests.swift in Sources */ = {isa = PBXBuildFile; fileRef = 64CE467621F0D393007EE055 /* snuev_ios_tests.swift */; };
		64CE467F21F31A19007EE055 /* SNUEVBaseViewController.swift in Sources */ = {isa = PBXBuildFile; fileRef = 64CE467E21F31A19007EE055 /* SNUEVBaseViewController.swift */; };
		64D61404223AAEE9001011F4 /* PrimitiveSequence.swift in Sources */ = {isa = PBXBuildFile; fileRef = 64D61403223AAEE9001011F4 /* PrimitiveSequence.swift */; };
		64F681F921E4D1870017E63A /* AppDelegate.swift in Sources */ = {isa = PBXBuildFile; fileRef = 64F681F821E4D1870017E63A /* AppDelegate.swift */; };
		64F681FB21E4D1870017E63A /* ExampleViewController.swift in Sources */ = {isa = PBXBuildFile; fileRef = 64F681FA21E4D1870017E63A /* ExampleViewController.swift */; };
		64F681FE21E4D1870017E63A /* Main.storyboard in Resources */ = {isa = PBXBuildFile; fileRef = 64F681FC21E4D1870017E63A /* Main.storyboard */; };
		64F6820021E4D1880017E63A /* Assets.xcassets in Resources */ = {isa = PBXBuildFile; fileRef = 64F681FF21E4D1880017E63A /* Assets.xcassets */; };
		64F6820321E4D1880017E63A /* LaunchScreen.storyboard in Resources */ = {isa = PBXBuildFile; fileRef = 64F6820121E4D1880017E63A /* LaunchScreen.storyboard */; };
		B7B8942FACF2F0B8BF94B2D7 /* Pods_snuev_ios.framework in Frameworks */ = {isa = PBXBuildFile; fileRef = 99332AA8B204CFF7F37E68D1 /* Pods_snuev_ios.framework */; };
		E1E3C70F223BD6700016294D /* SearchDepartmentViewController.swift in Sources */ = {isa = PBXBuildFile; fileRef = E1E3C70E223BD6700016294D /* SearchDepartmentViewController.swift */; };
		E1E3C711223BD67F0016294D /* SearchDepartmentReactor.swift in Sources */ = {isa = PBXBuildFile; fileRef = E1E3C710223BD67F0016294D /* SearchDepartmentReactor.swift */; };
		F9040071222933830000A906 /* img-signup.png in Resources */ = {isa = PBXBuildFile; fileRef = F904006E222933830000A906 /* img-signup.png */; };
		F9040072222933830000A906 /* img-signup@3x.png in Resources */ = {isa = PBXBuildFile; fileRef = F904006F222933830000A906 /* img-signup@3x.png */; };
		F9040073222933830000A906 /* img-signup@2x.png in Resources */ = {isa = PBXBuildFile; fileRef = F9040070222933830000A906 /* img-signup@2x.png */; };
		F9040077222934F20000A906 /* SignupViewController.swift in Sources */ = {isa = PBXBuildFile; fileRef = F9040075222934F20000A906 /* SignupViewController.swift */; };
		F9040078222934F20000A906 /* SignupViewReactor.swift in Sources */ = {isa = PBXBuildFile; fileRef = F9040076222934F20000A906 /* SignupViewReactor.swift */; };
/* End PBXBuildFile section */

/* Begin PBXContainerItemProxy section */
		64CE467921F0D393007EE055 /* PBXContainerItemProxy */ = {
			isa = PBXContainerItemProxy;
			containerPortal = 64F681ED21E4D1870017E63A /* Project object */;
			proxyType = 1;
			remoteGlobalIDString = 64F681F421E4D1870017E63A;
			remoteInfo = "snuev-ios";
		};
/* End PBXContainerItemProxy section */

/* Begin PBXFileReference section */
		29F386CDDCBC44430A2F839C /* Pods-snuev-ios.release.xcconfig */ = {isa = PBXFileReference; includeInIndex = 1; lastKnownFileType = text.xcconfig; name = "Pods-snuev-ios.release.xcconfig"; path = "Pods/Target Support Files/Pods-snuev-ios/Pods-snuev-ios.release.xcconfig"; sourceTree = "<group>"; };
		3B2C0C6DA3622C8A68E09688 /* Pods-snuev-ios.debug.xcconfig */ = {isa = PBXFileReference; includeInIndex = 1; lastKnownFileType = text.xcconfig; name = "Pods-snuev-ios.debug.xcconfig"; path = "Pods/Target Support Files/Pods-snuev-ios/Pods-snuev-ios.debug.xcconfig"; sourceTree = "<group>"; };
		64087B26222A6B7F00D374B9 /* Department.swift */ = {isa = PBXFileReference; lastKnownFileType = sourcecode.swift; path = Department.swift; sourceTree = "<group>"; };
		641ADB5521F470B4002DD367 /* AuthManager.swift */ = {isa = PBXFileReference; lastKnownFileType = sourcecode.swift; path = AuthManager.swift; sourceTree = "<group>"; };
		645322A42229110D00A842C0 /* Navigator.swift */ = {isa = PBXFileReference; lastKnownFileType = sourcecode.swift; path = Navigator.swift; sourceTree = "<group>"; };
		645322A62229112D00A842C0 /* NetworkProvider.swift */ = {isa = PBXFileReference; lastKnownFileType = sourcecode.swift; path = NetworkProvider.swift; sourceTree = "<group>"; };
		645322A82229113B00A842C0 /* Application.swift */ = {isa = PBXFileReference; lastKnownFileType = sourcecode.swift; path = Application.swift; sourceTree = "<group>"; };
		645322AB2229132600A842C0 /* LoginNetwork.swift */ = {isa = PBXFileReference; lastKnownFileType = sourcecode.swift; path = LoginNetwork.swift; sourceTree = "<group>"; };
		645322AD22292B9A00A842C0 /* img-logo-110-px@3x.png */ = {isa = PBXFileReference; lastKnownFileType = image.png; path = "img-logo-110-px@3x.png"; sourceTree = "<group>"; };
		645322AE22292B9A00A842C0 /* img-logo-110-px.png */ = {isa = PBXFileReference; lastKnownFileType = image.png; path = "img-logo-110-px.png"; sourceTree = "<group>"; };
		645322AF22292B9A00A842C0 /* img-logo-110-px@2x.png */ = {isa = PBXFileReference; lastKnownFileType = image.png; path = "img-logo-110-px@2x.png"; sourceTree = "<group>"; };
		645322B322292C2000A842C0 /* ic-bookmark-normal@2x.png */ = {isa = PBXFileReference; lastKnownFileType = image.png; path = "ic-bookmark-normal@2x.png"; sourceTree = "<group>"; };
		645322B422292C2000A842C0 /* ic-detailsearch-normal@2x.png */ = {isa = PBXFileReference; lastKnownFileType = image.png; path = "ic-detailsearch-normal@2x.png"; sourceTree = "<group>"; };
		645322B522292C2100A842C0 /* ic-profile-normal@3x.png */ = {isa = PBXFileReference; lastKnownFileType = image.png; path = "ic-profile-normal@3x.png"; sourceTree = "<group>"; };
		645322B622292C2100A842C0 /* ic-logout-normal.png */ = {isa = PBXFileReference; lastKnownFileType = image.png; path = "ic-logout-normal.png"; sourceTree = "<group>"; };
		645322B722292C2100A842C0 /* ic-profile-normal.png */ = {isa = PBXFileReference; lastKnownFileType = image.png; path = "ic-profile-normal.png"; sourceTree = "<group>"; };
		645322B822292C2100A842C0 /* ic-profile-normal@2x.png */ = {isa = PBXFileReference; lastKnownFileType = image.png; path = "ic-profile-normal@2x.png"; sourceTree = "<group>"; };
		645322B922292C2100A842C0 /* ic-bookmark-normal.png */ = {isa = PBXFileReference; lastKnownFileType = image.png; path = "ic-bookmark-normal.png"; sourceTree = "<group>"; };
		645322BA22292C2100A842C0 /* ic-detailsearch-normal.png */ = {isa = PBXFileReference; lastKnownFileType = image.png; path = "ic-detailsearch-normal.png"; sourceTree = "<group>"; };
		645322BB22292C2100A842C0 /* ic-logout-normal@2x.png */ = {isa = PBXFileReference; lastKnownFileType = image.png; path = "ic-logout-normal@2x.png"; sourceTree = "<group>"; };
		645322BC22292C2100A842C0 /* ic-search-30-px.png */ = {isa = PBXFileReference; lastKnownFileType = image.png; path = "ic-search-30-px.png"; sourceTree = "<group>"; };
		645322BD22292C2100A842C0 /* ic-detailsearch-normal@3x.png */ = {isa = PBXFileReference; lastKnownFileType = image.png; path = "ic-detailsearch-normal@3x.png"; sourceTree = "<group>"; };
		645322BE22292C2100A842C0 /* ic-search-30-px@2x.png */ = {isa = PBXFileReference; lastKnownFileType = image.png; path = "ic-search-30-px@2x.png"; sourceTree = "<group>"; };
		645322BF22292C2100A842C0 /* ic-search-30-px@3x.png */ = {isa = PBXFileReference; lastKnownFileType = image.png; path = "ic-search-30-px@3x.png"; sourceTree = "<group>"; };
		645322C022292C2100A842C0 /* ic-bookmark-normal@3x.png */ = {isa = PBXFileReference; lastKnownFileType = image.png; path = "ic-bookmark-normal@3x.png"; sourceTree = "<group>"; };
		645322C122292C2100A842C0 /* ic-logout-normal@3x.png */ = {isa = PBXFileReference; lastKnownFileType = image.png; path = "ic-logout-normal@3x.png"; sourceTree = "<group>"; };
		645322D22229317900A842C0 /* MainNavigator.swift */ = {isa = PBXFileReference; lastKnownFileType = sourcecode.swift; path = MainNavigator.swift; sourceTree = "<group>"; };
		648E262621E9845C00DE0A0F /* ExampleEndpoint.swift */ = {isa = PBXFileReference; fileEncoding = 4; lastKnownFileType = sourcecode.swift; path = ExampleEndpoint.swift; sourceTree = "<group>"; };
		648E262821E984AC00DE0A0F /* ExampleModel.swift */ = {isa = PBXFileReference; lastKnownFileType = sourcecode.swift; path = ExampleModel.swift; sourceTree = "<group>"; };
		648E262A21E98C7800DE0A0F /* Observable.swift */ = {isa = PBXFileReference; lastKnownFileType = sourcecode.swift; path = Observable.swift; sourceTree = "<group>"; };
		648E263021EB4CBE00DE0A0F /* ExampleViewReactor.swift */ = {isa = PBXFileReference; lastKnownFileType = sourcecode.swift; path = ExampleViewReactor.swift; sourceTree = "<group>"; };
		64CE464D21ECB76C007EE055 /* Example.storyboard */ = {isa = PBXFileReference; lastKnownFileType = file.storyboard; path = Example.storyboard; sourceTree = "<group>"; };
		64CE465121ECBA7E007EE055 /* SNUEVButton.swift */ = {isa = PBXFileReference; lastKnownFileType = sourcecode.swift; path = SNUEVButton.swift; sourceTree = "<group>"; };
		64CE465421ECBAC1007EE055 /* Constants.swift */ = {isa = PBXFileReference; lastKnownFileType = sourcecode.swift; path = Constants.swift; sourceTree = "<group>"; };
		64CE465821ECBFD5007EE055 /* UIColor.swift */ = {isa = PBXFileReference; lastKnownFileType = sourcecode.swift; path = UIColor.swift; sourceTree = "<group>"; };
		64CE465A21ECC386007EE055 /* UIView.swift */ = {isa = PBXFileReference; lastKnownFileType = sourcecode.swift; path = UIView.swift; sourceTree = "<group>"; };
		64CE465D21ECD064007EE055 /* Login.storyboard */ = {isa = PBXFileReference; lastKnownFileType = file.storyboard; path = Login.storyboard; sourceTree = "<group>"; };
		64CE465F21ECD462007EE055 /* img-logo-220-px@2x.png */ = {isa = PBXFileReference; lastKnownFileType = image.png; path = "img-logo-220-px@2x.png"; sourceTree = "<group>"; };
		64CE466021ECD462007EE055 /* img-logo-220-px@3x.png */ = {isa = PBXFileReference; lastKnownFileType = image.png; path = "img-logo-220-px@3x.png"; sourceTree = "<group>"; };
		64CE466121ECD462007EE055 /* img-logo-220-px.png */ = {isa = PBXFileReference; lastKnownFileType = image.png; path = "img-logo-220-px.png"; sourceTree = "<group>"; };
		64CE466521ECDFB1007EE055 /* UIImage.swift */ = {isa = PBXFileReference; lastKnownFileType = sourcecode.swift; path = UIImage.swift; sourceTree = "<group>"; };
		64CE466721ECE4ED007EE055 /* LoginEndpoint.swift */ = {isa = PBXFileReference; lastKnownFileType = sourcecode.swift; path = LoginEndpoint.swift; sourceTree = "<group>"; };
		64CE466921ECE5D3007EE055 /* String.swift */ = {isa = PBXFileReference; lastKnownFileType = sourcecode.swift; path = String.swift; sourceTree = "<group>"; };
		64CE466B21F0A5D3007EE055 /* LoginViewController.swift */ = {isa = PBXFileReference; lastKnownFileType = sourcecode.swift; path = LoginViewController.swift; sourceTree = "<group>"; };
		64CE466D21F0A8FC007EE055 /* LoginViewReactor.swift */ = {isa = PBXFileReference; lastKnownFileType = sourcecode.swift; path = LoginViewReactor.swift; sourceTree = "<group>"; };
		64CE467421F0D393007EE055 /* snuev-ios-tests.xctest */ = {isa = PBXFileReference; explicitFileType = wrapper.cfbundle; includeInIndex = 0; path = "snuev-ios-tests.xctest"; sourceTree = BUILT_PRODUCTS_DIR; };
		64CE467621F0D393007EE055 /* snuev_ios_tests.swift */ = {isa = PBXFileReference; lastKnownFileType = sourcecode.swift; path = snuev_ios_tests.swift; sourceTree = "<group>"; };
		64CE467821F0D393007EE055 /* Info.plist */ = {isa = PBXFileReference; lastKnownFileType = text.plist.xml; path = Info.plist; sourceTree = "<group>"; };
		64CE467E21F31A19007EE055 /* SNUEVBaseViewController.swift */ = {isa = PBXFileReference; lastKnownFileType = sourcecode.swift; path = SNUEVBaseViewController.swift; sourceTree = "<group>"; };
		64D61403223AAEE9001011F4 /* PrimitiveSequence.swift */ = {isa = PBXFileReference; lastKnownFileType = sourcecode.swift; path = PrimitiveSequence.swift; sourceTree = "<group>"; };
		64F681F521E4D1870017E63A /* snuev-ios.app */ = {isa = PBXFileReference; explicitFileType = wrapper.application; includeInIndex = 0; path = "snuev-ios.app"; sourceTree = BUILT_PRODUCTS_DIR; };
		64F681F821E4D1870017E63A /* AppDelegate.swift */ = {isa = PBXFileReference; lastKnownFileType = sourcecode.swift; path = AppDelegate.swift; sourceTree = "<group>"; };
		64F681FA21E4D1870017E63A /* ExampleViewController.swift */ = {isa = PBXFileReference; lastKnownFileType = sourcecode.swift; path = ExampleViewController.swift; sourceTree = "<group>"; };
		64F681FD21E4D1870017E63A /* Base */ = {isa = PBXFileReference; lastKnownFileType = file.storyboard; name = Base; path = Base.lproj/Main.storyboard; sourceTree = "<group>"; };
		64F681FF21E4D1880017E63A /* Assets.xcassets */ = {isa = PBXFileReference; lastKnownFileType = folder.assetcatalog; path = Assets.xcassets; sourceTree = "<group>"; };
		64F6820221E4D1880017E63A /* Base */ = {isa = PBXFileReference; lastKnownFileType = file.storyboard; name = Base; path = Base.lproj/LaunchScreen.storyboard; sourceTree = "<group>"; };
		64F6820421E4D1880017E63A /* Info.plist */ = {isa = PBXFileReference; lastKnownFileType = text.plist.xml; path = Info.plist; sourceTree = "<group>"; };
		99332AA8B204CFF7F37E68D1 /* Pods_snuev_ios.framework */ = {isa = PBXFileReference; explicitFileType = wrapper.framework; includeInIndex = 0; path = Pods_snuev_ios.framework; sourceTree = BUILT_PRODUCTS_DIR; };
		E1E3C70E223BD6700016294D /* SearchDepartmentViewController.swift */ = {isa = PBXFileReference; lastKnownFileType = sourcecode.swift; path = SearchDepartmentViewController.swift; sourceTree = "<group>"; };
		E1E3C710223BD67F0016294D /* SearchDepartmentReactor.swift */ = {isa = PBXFileReference; lastKnownFileType = sourcecode.swift; path = SearchDepartmentReactor.swift; sourceTree = "<group>"; };
		F904006E222933830000A906 /* img-signup.png */ = {isa = PBXFileReference; lastKnownFileType = image.png; path = "img-signup.png"; sourceTree = "<group>"; };
		F904006F222933830000A906 /* img-signup@3x.png */ = {isa = PBXFileReference; lastKnownFileType = image.png; path = "img-signup@3x.png"; sourceTree = "<group>"; };
		F9040070222933830000A906 /* img-signup@2x.png */ = {isa = PBXFileReference; lastKnownFileType = image.png; path = "img-signup@2x.png"; sourceTree = "<group>"; };
		F9040075222934F20000A906 /* SignupViewController.swift */ = {isa = PBXFileReference; fileEncoding = 4; lastKnownFileType = sourcecode.swift; path = SignupViewController.swift; sourceTree = "<group>"; };
		F9040076222934F20000A906 /* SignupViewReactor.swift */ = {isa = PBXFileReference; fileEncoding = 4; lastKnownFileType = sourcecode.swift; path = SignupViewReactor.swift; sourceTree = "<group>"; };
/* End PBXFileReference section */

/* Begin PBXFrameworksBuildPhase section */
		64CE467121F0D393007EE055 /* Frameworks */ = {
			isa = PBXFrameworksBuildPhase;
			buildActionMask = 2147483647;
			files = (
			);
			runOnlyForDeploymentPostprocessing = 0;
		};
		64F681F221E4D1870017E63A /* Frameworks */ = {
			isa = PBXFrameworksBuildPhase;
			buildActionMask = 2147483647;
			files = (
				B7B8942FACF2F0B8BF94B2D7 /* Pods_snuev_ios.framework in Frameworks */,
			);
			runOnlyForDeploymentPostprocessing = 0;
		};
/* End PBXFrameworksBuildPhase section */

/* Begin PBXGroup section */
		64087B25222A6B6400D374B9 /* Models */ = {
			isa = PBXGroup;
			children = (
				64087B26222A6B7F00D374B9 /* Department.swift */,
			);
			path = Models;
			sourceTree = "<group>";
		};
		645322AA222911D200A842C0 /* Network */ = {
			isa = PBXGroup;
			children = (
				645322A62229112D00A842C0 /* NetworkProvider.swift */,
				645322AB2229132600A842C0 /* LoginNetwork.swift */,
			);
			path = Network;
			sourceTree = "<group>";
		};
		645322D12229316100A842C0 /* Navigator */ = {
			isa = PBXGroup;
			children = (
				645322D22229317900A842C0 /* MainNavigator.swift */,
			);
			path = Navigator;
			sourceTree = "<group>";
		};
		648E263221EB857600DE0A0F /* example */ = {
			isa = PBXGroup;
			children = (
				648E262A21E98C7800DE0A0F /* Observable.swift */,
				64F681FA21E4D1870017E63A /* ExampleViewController.swift */,
				648E262821E984AC00DE0A0F /* ExampleModel.swift */,
				648E263021EB4CBE00DE0A0F /* ExampleViewReactor.swift */,
				648E262621E9845C00DE0A0F /* ExampleEndpoint.swift */,
				64CE464D21ECB76C007EE055 /* Example.storyboard */,
			);
			path = example;
			sourceTree = "<group>";
		};
		64CE464F21ECB9BB007EE055 /* images */ = {
			isa = PBXGroup;
			children = (
				F904006E222933830000A906 /* img-signup.png */,
				F9040070222933830000A906 /* img-signup@2x.png */,
				F904006F222933830000A906 /* img-signup@3x.png */,
				645322B922292C2100A842C0 /* ic-bookmark-normal.png */,
				645322B322292C2000A842C0 /* ic-bookmark-normal@2x.png */,
				645322C022292C2100A842C0 /* ic-bookmark-normal@3x.png */,
				645322BA22292C2100A842C0 /* ic-detailsearch-normal.png */,
				645322B422292C2000A842C0 /* ic-detailsearch-normal@2x.png */,
				645322BD22292C2100A842C0 /* ic-detailsearch-normal@3x.png */,
				645322B622292C2100A842C0 /* ic-logout-normal.png */,
				645322BB22292C2100A842C0 /* ic-logout-normal@2x.png */,
				645322C122292C2100A842C0 /* ic-logout-normal@3x.png */,
				645322B722292C2100A842C0 /* ic-profile-normal.png */,
				645322B822292C2100A842C0 /* ic-profile-normal@2x.png */,
				645322B522292C2100A842C0 /* ic-profile-normal@3x.png */,
				645322BC22292C2100A842C0 /* ic-search-30-px.png */,
				645322BE22292C2100A842C0 /* ic-search-30-px@2x.png */,
				645322BF22292C2100A842C0 /* ic-search-30-px@3x.png */,
				645322AE22292B9A00A842C0 /* img-logo-110-px.png */,
				645322AF22292B9A00A842C0 /* img-logo-110-px@2x.png */,
				645322AD22292B9A00A842C0 /* img-logo-110-px@3x.png */,
				64CE466121ECD462007EE055 /* img-logo-220-px.png */,
				64CE465F21ECD462007EE055 /* img-logo-220-px@2x.png */,
				64CE466021ECD462007EE055 /* img-logo-220-px@3x.png */,
			);
			path = images;
			sourceTree = "<group>";
		};
		64CE465021ECBA62007EE055 /* UIComponents */ = {
			isa = PBXGroup;
			children = (
				64CE465121ECBA7E007EE055 /* SNUEVButton.swift */,
				64CE467E21F31A19007EE055 /* SNUEVBaseViewController.swift */,
			);
			path = UIComponents;
			sourceTree = "<group>";
		};
		64CE465321ECBAB4007EE055 /* Utils */ = {
			isa = PBXGroup;
			children = (
				64CE465421ECBAC1007EE055 /* Constants.swift */,
				64CE465821ECBFD5007EE055 /* UIColor.swift */,
				64CE465A21ECC386007EE055 /* UIView.swift */,
				64CE466521ECDFB1007EE055 /* UIImage.swift */,
				64CE466921ECE5D3007EE055 /* String.swift */,
				641ADB5521F470B4002DD367 /* AuthManager.swift */,
				64D61403223AAEE9001011F4 /* PrimitiveSequence.swift */,
			);
			path = Utils;
			sourceTree = "<group>";
		};
		64CE465C21ECD001007EE055 /* Login */ = {
			isa = PBXGroup;
			children = (
				F9040076222934F20000A906 /* SignupViewReactor.swift */,
				F9040075222934F20000A906 /* SignupViewController.swift */,
				64CE466D21F0A8FC007EE055 /* LoginViewReactor.swift */,
				64CE466B21F0A5D3007EE055 /* LoginViewController.swift */,
				E1E3C70D223BD65C0016294D /* SearchDepartment */,
				64CE465D21ECD064007EE055 /* Login.storyboard */,
				64CE466721ECE4ED007EE055 /* LoginEndpoint.swift */,
			);
			path = Login;
			sourceTree = "<group>";
		};
		64CE467521F0D393007EE055 /* snuev-ios-tests */ = {
			isa = PBXGroup;
			children = (
				64CE467621F0D393007EE055 /* snuev_ios_tests.swift */,
				64CE467821F0D393007EE055 /* Info.plist */,
			);
			path = "snuev-ios-tests";
			sourceTree = "<group>";
		};
		64F681EC21E4D1860017E63A = {
			isa = PBXGroup;
			children = (
				64F681F721E4D1870017E63A /* snuev-ios */,
				64CE467521F0D393007EE055 /* snuev-ios-tests */,
				64F681F621E4D1870017E63A /* Products */,
				9A0B9A98985347458148B6CD /* Pods */,
				8FED9A3704CCDD9AE5BEDE5B /* Frameworks */,
			);
			sourceTree = "<group>";
		};
		64F681F621E4D1870017E63A /* Products */ = {
			isa = PBXGroup;
			children = (
				64F681F521E4D1870017E63A /* snuev-ios.app */,
				64CE467421F0D393007EE055 /* snuev-ios-tests.xctest */,
			);
			name = Products;
			sourceTree = "<group>";
		};
		64F681F721E4D1870017E63A /* snuev-ios */ = {
			isa = PBXGroup;
			children = (
				64087B25222A6B6400D374B9 /* Models */,
				645322D12229316100A842C0 /* Navigator */,
				645322AA222911D200A842C0 /* Network */,
				64CE465C21ECD001007EE055 /* Login */,
				64CE465321ECBAB4007EE055 /* Utils */,
				64CE465021ECBA62007EE055 /* UIComponents */,
				64CE464F21ECB9BB007EE055 /* images */,
				648E263221EB857600DE0A0F /* example */,
				64F681F821E4D1870017E63A /* AppDelegate.swift */,
				64F681FC21E4D1870017E63A /* Main.storyboard */,
				64F681FF21E4D1880017E63A /* Assets.xcassets */,
				64F6820121E4D1880017E63A /* LaunchScreen.storyboard */,
				64F6820421E4D1880017E63A /* Info.plist */,
				645322A42229110D00A842C0 /* Navigator.swift */,
				645322A82229113B00A842C0 /* Application.swift */,
			);
			path = "snuev-ios";
			sourceTree = "<group>";
		};
		8FED9A3704CCDD9AE5BEDE5B /* Frameworks */ = {
			isa = PBXGroup;
			children = (
				99332AA8B204CFF7F37E68D1 /* Pods_snuev_ios.framework */,
			);
			name = Frameworks;
			sourceTree = "<group>";
		};
		9A0B9A98985347458148B6CD /* Pods */ = {
			isa = PBXGroup;
			children = (
				3B2C0C6DA3622C8A68E09688 /* Pods-snuev-ios.debug.xcconfig */,
				29F386CDDCBC44430A2F839C /* Pods-snuev-ios.release.xcconfig */,
			);
			name = Pods;
			sourceTree = "<group>";
		};
		E1E3C70D223BD65C0016294D /* SearchDepartment */ = {
			isa = PBXGroup;
			children = (
				E1E3C70E223BD6700016294D /* SearchDepartmentViewController.swift */,
				E1E3C710223BD67F0016294D /* SearchDepartmentReactor.swift */,
			);
			path = SearchDepartment;
			sourceTree = "<group>";
		};
/* End PBXGroup section */

/* Begin PBXNativeTarget section */
		64CE467321F0D393007EE055 /* snuev-ios-tests */ = {
			isa = PBXNativeTarget;
			buildConfigurationList = 64CE467B21F0D393007EE055 /* Build configuration list for PBXNativeTarget "snuev-ios-tests" */;
			buildPhases = (
				64CE467021F0D393007EE055 /* Sources */,
				64CE467121F0D393007EE055 /* Frameworks */,
				64CE467221F0D393007EE055 /* Resources */,
			);
			buildRules = (
			);
			dependencies = (
				64CE467A21F0D393007EE055 /* PBXTargetDependency */,
			);
			name = "snuev-ios-tests";
			productName = "snuev-ios-tests";
			productReference = 64CE467421F0D393007EE055 /* snuev-ios-tests.xctest */;
			productType = "com.apple.product-type.bundle.unit-test";
		};
		64F681F421E4D1870017E63A /* snuev-ios */ = {
			isa = PBXNativeTarget;
			buildConfigurationList = 64F6820721E4D1880017E63A /* Build configuration list for PBXNativeTarget "snuev-ios" */;
			buildPhases = (
				0401A495318F687131850F20 /* [CP] Check Pods Manifest.lock */,
				64F681F121E4D1870017E63A /* Sources */,
				64F681F221E4D1870017E63A /* Frameworks */,
				64F681F321E4D1870017E63A /* Resources */,
				61CE17C7D5B9B5640222F7B6 /* [CP] Embed Pods Frameworks */,
			);
			buildRules = (
			);
			dependencies = (
			);
			name = "snuev-ios";
			productName = "snuev-ios";
			productReference = 64F681F521E4D1870017E63A /* snuev-ios.app */;
			productType = "com.apple.product-type.application";
		};
/* End PBXNativeTarget section */

/* Begin PBXProject section */
		64F681ED21E4D1870017E63A /* Project object */ = {
			isa = PBXProject;
			attributes = {
				LastSwiftUpdateCheck = 1010;
				LastUpgradeCheck = 1010;
				ORGANIZATIONNAME = "이동현";
				TargetAttributes = {
					64CE467321F0D393007EE055 = {
						CreatedOnToolsVersion = 10.1;
						TestTargetID = 64F681F421E4D1870017E63A;
					};
					64F681F421E4D1870017E63A = {
						CreatedOnToolsVersion = 10.1;
					};
				};
			};
			buildConfigurationList = 64F681F021E4D1870017E63A /* Build configuration list for PBXProject "snuev-ios" */;
			compatibilityVersion = "Xcode 9.3";
			developmentRegion = en;
			hasScannedForEncodings = 0;
			knownRegions = (
				en,
				Base,
			);
			mainGroup = 64F681EC21E4D1860017E63A;
			productRefGroup = 64F681F621E4D1870017E63A /* Products */;
			projectDirPath = "";
			projectRoot = "";
			targets = (
				64F681F421E4D1870017E63A /* snuev-ios */,
				64CE467321F0D393007EE055 /* snuev-ios-tests */,
			);
		};
/* End PBXProject section */

/* Begin PBXResourcesBuildPhase section */
		64CE467221F0D393007EE055 /* Resources */ = {
			isa = PBXResourcesBuildPhase;
			buildActionMask = 2147483647;
			files = (
			);
			runOnlyForDeploymentPostprocessing = 0;
		};
		64F681F321E4D1870017E63A /* Resources */ = {
			isa = PBXResourcesBuildPhase;
			buildActionMask = 2147483647;
			files = (
				645322CB22292C2100A842C0 /* ic-search-30-px.png in Resources */,
				645322CF22292C2100A842C0 /* ic-bookmark-normal@3x.png in Resources */,
				64F6820321E4D1880017E63A /* LaunchScreen.storyboard in Resources */,
				645322B222292B9A00A842C0 /* img-logo-110-px@2x.png in Resources */,
				645322B122292B9A00A842C0 /* img-logo-110-px.png in Resources */,
				645322C522292C2100A842C0 /* ic-logout-normal.png in Resources */,
				645322B022292B9A00A842C0 /* img-logo-110-px@3x.png in Resources */,
				64CE464E21ECB76C007EE055 /* Example.storyboard in Resources */,
				64F6820021E4D1880017E63A /* Assets.xcassets in Resources */,
				64CE465E21ECD064007EE055 /* Login.storyboard in Resources */,
				645322C822292C2100A842C0 /* ic-bookmark-normal.png in Resources */,
				F9040072222933830000A906 /* img-signup@3x.png in Resources */,
				645322CA22292C2100A842C0 /* ic-logout-normal@2x.png in Resources */,
				645322CC22292C2100A842C0 /* ic-detailsearch-normal@3x.png in Resources */,
				645322C922292C2100A842C0 /* ic-detailsearch-normal.png in Resources */,
				645322C722292C2100A842C0 /* ic-profile-normal@2x.png in Resources */,
				645322CD22292C2100A842C0 /* ic-search-30-px@2x.png in Resources */,
				F9040073222933830000A906 /* img-signup@2x.png in Resources */,
				645322C622292C2100A842C0 /* ic-profile-normal.png in Resources */,
				F9040071222933830000A906 /* img-signup.png in Resources */,
				645322CE22292C2100A842C0 /* ic-search-30-px@3x.png in Resources */,
				645322C222292C2100A842C0 /* ic-bookmark-normal@2x.png in Resources */,
				645322C322292C2100A842C0 /* ic-detailsearch-normal@2x.png in Resources */,
				64CE466221ECD462007EE055 /* img-logo-220-px@2x.png in Resources */,
				645322C422292C2100A842C0 /* ic-profile-normal@3x.png in Resources */,
				645322D022292C2100A842C0 /* ic-logout-normal@3x.png in Resources */,
				64F681FE21E4D1870017E63A /* Main.storyboard in Resources */,
				64CE466321ECD462007EE055 /* img-logo-220-px@3x.png in Resources */,
				64CE466421ECD462007EE055 /* img-logo-220-px.png in Resources */,
			);
			runOnlyForDeploymentPostprocessing = 0;
		};
/* End PBXResourcesBuildPhase section */

/* Begin PBXShellScriptBuildPhase section */
		0401A495318F687131850F20 /* [CP] Check Pods Manifest.lock */ = {
			isa = PBXShellScriptBuildPhase;
			buildActionMask = 2147483647;
			files = (
			);
			inputFileListPaths = (
			);
			inputPaths = (
				"${PODS_PODFILE_DIR_PATH}/Podfile.lock",
				"${PODS_ROOT}/Manifest.lock",
			);
			name = "[CP] Check Pods Manifest.lock";
			outputFileListPaths = (
			);
			outputPaths = (
				"$(DERIVED_FILE_DIR)/Pods-snuev-ios-checkManifestLockResult.txt",
			);
			runOnlyForDeploymentPostprocessing = 0;
			shellPath = /bin/sh;
			shellScript = "diff \"${PODS_PODFILE_DIR_PATH}/Podfile.lock\" \"${PODS_ROOT}/Manifest.lock\" > /dev/null\nif [ $? != 0 ] ; then\n    # print error to STDERR\n    echo \"error: The sandbox is not in sync with the Podfile.lock. Run 'pod install' or update your CocoaPods installation.\" >&2\n    exit 1\nfi\n# This output is used by Xcode 'outputs' to avoid re-running this script phase.\necho \"SUCCESS\" > \"${SCRIPT_OUTPUT_FILE_0}\"\n";
			showEnvVarsInLog = 0;
		};
		61CE17C7D5B9B5640222F7B6 /* [CP] Embed Pods Frameworks */ = {
			isa = PBXShellScriptBuildPhase;
			buildActionMask = 2147483647;
			files = (
			);
			inputFileListPaths = (
			);
			inputPaths = (
				"${SRCROOT}/Pods/Target Support Files/Pods-snuev-ios/Pods-snuev-ios-frameworks.sh",
				"${BUILT_PRODUCTS_DIR}/Alamofire/Alamofire.framework",
				"${BUILT_PRODUCTS_DIR}/Japx/Japx.framework",
				"${BUILT_PRODUCTS_DIR}/KeychainSwift/KeychainSwift.framework",
				"${BUILT_PRODUCTS_DIR}/Moya/Moya.framework",
				"${BUILT_PRODUCTS_DIR}/ObjectMapper/ObjectMapper.framework",
				"${BUILT_PRODUCTS_DIR}/ReactorKit/ReactorKit.framework",
				"${BUILT_PRODUCTS_DIR}/Result/Result.framework",
				"${BUILT_PRODUCTS_DIR}/RxAtomic/RxAtomic.framework",
				"${BUILT_PRODUCTS_DIR}/RxCocoa/RxCocoa.framework",
				"${BUILT_PRODUCTS_DIR}/RxOptional/RxOptional.framework",
				"${BUILT_PRODUCTS_DIR}/RxSwift/RxSwift.framework",
				"${BUILT_PRODUCTS_DIR}/SnapKit/SnapKit.framework",
			);
			name = "[CP] Embed Pods Frameworks";
			outputFileListPaths = (
			);
			outputPaths = (
				"${TARGET_BUILD_DIR}/${FRAMEWORKS_FOLDER_PATH}/Alamofire.framework",
				"${TARGET_BUILD_DIR}/${FRAMEWORKS_FOLDER_PATH}/Japx.framework",
				"${TARGET_BUILD_DIR}/${FRAMEWORKS_FOLDER_PATH}/KeychainSwift.framework",
				"${TARGET_BUILD_DIR}/${FRAMEWORKS_FOLDER_PATH}/Moya.framework",
				"${TARGET_BUILD_DIR}/${FRAMEWORKS_FOLDER_PATH}/ObjectMapper.framework",
				"${TARGET_BUILD_DIR}/${FRAMEWORKS_FOLDER_PATH}/ReactorKit.framework",
				"${TARGET_BUILD_DIR}/${FRAMEWORKS_FOLDER_PATH}/Result.framework",
				"${TARGET_BUILD_DIR}/${FRAMEWORKS_FOLDER_PATH}/RxAtomic.framework",
				"${TARGET_BUILD_DIR}/${FRAMEWORKS_FOLDER_PATH}/RxCocoa.framework",
				"${TARGET_BUILD_DIR}/${FRAMEWORKS_FOLDER_PATH}/RxOptional.framework",
				"${TARGET_BUILD_DIR}/${FRAMEWORKS_FOLDER_PATH}/RxSwift.framework",
				"${TARGET_BUILD_DIR}/${FRAMEWORKS_FOLDER_PATH}/SnapKit.framework",
			);
			runOnlyForDeploymentPostprocessing = 0;
			shellPath = /bin/sh;
			shellScript = "\"${SRCROOT}/Pods/Target Support Files/Pods-snuev-ios/Pods-snuev-ios-frameworks.sh\"\n";
			showEnvVarsInLog = 0;
		};
/* End PBXShellScriptBuildPhase section */

/* Begin PBXSourcesBuildPhase section */
		64CE467021F0D393007EE055 /* Sources */ = {
			isa = PBXSourcesBuildPhase;
			buildActionMask = 2147483647;
			files = (
				64CE467721F0D393007EE055 /* snuev_ios_tests.swift in Sources */,
			);
			runOnlyForDeploymentPostprocessing = 0;
		};
		64F681F121E4D1870017E63A /* Sources */ = {
			isa = PBXSourcesBuildPhase;
			buildActionMask = 2147483647;
			files = (
				645322A92229113B00A842C0 /* Application.swift in Sources */,
				64CE466C21F0A5D4007EE055 /* LoginViewController.swift in Sources */,
				64087B27222A6B7F00D374B9 /* Department.swift in Sources */,
				F9040077222934F20000A906 /* SignupViewController.swift in Sources */,
				645322D32229317900A842C0 /* MainNavigator.swift in Sources */,
				64CE466821ECE4ED007EE055 /* LoginEndpoint.swift in Sources */,
				64CE465B21ECC386007EE055 /* UIView.swift in Sources */,
				645322A52229110D00A842C0 /* Navigator.swift in Sources */,
				64CE467F21F31A19007EE055 /* SNUEVBaseViewController.swift in Sources */,
				64F681FB21E4D1870017E63A /* ExampleViewController.swift in Sources */,
				645322AC2229132600A842C0 /* LoginNetwork.swift in Sources */,
				64F681F921E4D1870017E63A /* AppDelegate.swift in Sources */,
				E1E3C70F223BD6700016294D /* SearchDepartmentViewController.swift in Sources */,
				64D61404223AAEE9001011F4 /* PrimitiveSequence.swift in Sources */,
				E1E3C711223BD67F0016294D /* SearchDepartmentReactor.swift in Sources */,
				64CE466E21F0A8FC007EE055 /* LoginViewReactor.swift in Sources */,
				645322A72229112D00A842C0 /* NetworkProvider.swift in Sources */,
				641ADB5621F470B4002DD367 /* AuthManager.swift in Sources */,
				F9040078222934F20000A906 /* SignupViewReactor.swift in Sources */,
				648E262721E9845C00DE0A0F /* ExampleEndpoint.swift in Sources */,
				64CE466621ECDFB1007EE055 /* UIImage.swift in Sources */,
				648E262B21E98C7800DE0A0F /* Observable.swift in Sources */,
				64CE465221ECBA7E007EE055 /* SNUEVButton.swift in Sources */,
				64CE465921ECBFD5007EE055 /* UIColor.swift in Sources */,
				648E263121EB4CBE00DE0A0F /* ExampleViewReactor.swift in Sources */,
				648E262921E984AC00DE0A0F /* ExampleModel.swift in Sources */,
				64CE466A21ECE5D3007EE055 /* String.swift in Sources */,
				64CE465521ECBAC1007EE055 /* Constants.swift in Sources */,
			);
			runOnlyForDeploymentPostprocessing = 0;
		};
/* End PBXSourcesBuildPhase section */

/* Begin PBXTargetDependency section */
		64CE467A21F0D393007EE055 /* PBXTargetDependency */ = {
			isa = PBXTargetDependency;
			target = 64F681F421E4D1870017E63A /* snuev-ios */;
			targetProxy = 64CE467921F0D393007EE055 /* PBXContainerItemProxy */;
		};
/* End PBXTargetDependency section */

/* Begin PBXVariantGroup section */
		64F681FC21E4D1870017E63A /* Main.storyboard */ = {
			isa = PBXVariantGroup;
			children = (
				64F681FD21E4D1870017E63A /* Base */,
			);
			name = Main.storyboard;
			sourceTree = "<group>";
		};
		64F6820121E4D1880017E63A /* LaunchScreen.storyboard */ = {
			isa = PBXVariantGroup;
			children = (
				64F6820221E4D1880017E63A /* Base */,
			);
			name = LaunchScreen.storyboard;
			sourceTree = "<group>";
		};
/* End PBXVariantGroup section */

/* Begin XCBuildConfiguration section */
		64CE467C21F0D393007EE055 /* Debug */ = {
			isa = XCBuildConfiguration;
			buildSettings = {
				BUNDLE_LOADER = "$(TEST_HOST)";
				CODE_SIGN_STYLE = Automatic;
				INFOPLIST_FILE = "snuev-ios-tests/Info.plist";
				LD_RUNPATH_SEARCH_PATHS = (
					"$(inherited)",
					"@executable_path/Frameworks",
					"@loader_path/Frameworks",
				);
				PRODUCT_BUNDLE_IDENTIFIER = "waffle.snuev-ios-tests";
				PRODUCT_NAME = "$(TARGET_NAME)";
				SWIFT_VERSION = 4.2;
				TARGETED_DEVICE_FAMILY = "1,2";
				TEST_HOST = "$(BUILT_PRODUCTS_DIR)/snuev-ios.app/snuev-ios";
			};
			name = Debug;
		};
		64CE467D21F0D393007EE055 /* Release */ = {
			isa = XCBuildConfiguration;
			buildSettings = {
				BUNDLE_LOADER = "$(TEST_HOST)";
				CODE_SIGN_STYLE = Automatic;
				INFOPLIST_FILE = "snuev-ios-tests/Info.plist";
				LD_RUNPATH_SEARCH_PATHS = (
					"$(inherited)",
					"@executable_path/Frameworks",
					"@loader_path/Frameworks",
				);
				PRODUCT_BUNDLE_IDENTIFIER = "waffle.snuev-ios-tests";
				PRODUCT_NAME = "$(TARGET_NAME)";
				SWIFT_VERSION = 4.2;
				TARGETED_DEVICE_FAMILY = "1,2";
				TEST_HOST = "$(BUILT_PRODUCTS_DIR)/snuev-ios.app/snuev-ios";
			};
			name = Release;
		};
		64F6820521E4D1880017E63A /* Debug */ = {
			isa = XCBuildConfiguration;
			buildSettings = {
				ALWAYS_SEARCH_USER_PATHS = NO;
				CLANG_ANALYZER_NONNULL = YES;
				CLANG_ANALYZER_NUMBER_OBJECT_CONVERSION = YES_AGGRESSIVE;
				CLANG_CXX_LANGUAGE_STANDARD = "gnu++14";
				CLANG_CXX_LIBRARY = "libc++";
				CLANG_ENABLE_MODULES = YES;
				CLANG_ENABLE_OBJC_ARC = YES;
				CLANG_ENABLE_OBJC_WEAK = YES;
				CLANG_WARN_BLOCK_CAPTURE_AUTORELEASING = YES;
				CLANG_WARN_BOOL_CONVERSION = YES;
				CLANG_WARN_COMMA = YES;
				CLANG_WARN_CONSTANT_CONVERSION = YES;
				CLANG_WARN_DEPRECATED_OBJC_IMPLEMENTATIONS = YES;
				CLANG_WARN_DIRECT_OBJC_ISA_USAGE = YES_ERROR;
				CLANG_WARN_DOCUMENTATION_COMMENTS = YES;
				CLANG_WARN_EMPTY_BODY = YES;
				CLANG_WARN_ENUM_CONVERSION = YES;
				CLANG_WARN_INFINITE_RECURSION = YES;
				CLANG_WARN_INT_CONVERSION = YES;
				CLANG_WARN_NON_LITERAL_NULL_CONVERSION = YES;
				CLANG_WARN_OBJC_IMPLICIT_RETAIN_SELF = YES;
				CLANG_WARN_OBJC_LITERAL_CONVERSION = YES;
				CLANG_WARN_OBJC_ROOT_CLASS = YES_ERROR;
				CLANG_WARN_RANGE_LOOP_ANALYSIS = YES;
				CLANG_WARN_STRICT_PROTOTYPES = YES;
				CLANG_WARN_SUSPICIOUS_MOVE = YES;
				CLANG_WARN_UNGUARDED_AVAILABILITY = YES_AGGRESSIVE;
				CLANG_WARN_UNREACHABLE_CODE = YES;
				CLANG_WARN__DUPLICATE_METHOD_MATCH = YES;
				CODE_SIGN_IDENTITY = "iPhone Developer";
				COPY_PHASE_STRIP = NO;
				DEBUG_INFORMATION_FORMAT = dwarf;
				ENABLE_STRICT_OBJC_MSGSEND = YES;
				ENABLE_TESTABILITY = YES;
				GCC_C_LANGUAGE_STANDARD = gnu11;
				GCC_DYNAMIC_NO_PIC = NO;
				GCC_NO_COMMON_BLOCKS = YES;
				GCC_OPTIMIZATION_LEVEL = 0;
				GCC_PREPROCESSOR_DEFINITIONS = (
					"DEBUG=1",
					"$(inherited)",
				);
				GCC_WARN_64_TO_32_BIT_CONVERSION = YES;
				GCC_WARN_ABOUT_RETURN_TYPE = YES_ERROR;
				GCC_WARN_UNDECLARED_SELECTOR = YES;
				GCC_WARN_UNINITIALIZED_AUTOS = YES_AGGRESSIVE;
				GCC_WARN_UNUSED_FUNCTION = YES;
				GCC_WARN_UNUSED_VARIABLE = YES;
				IPHONEOS_DEPLOYMENT_TARGET = 12.1;
				MTL_ENABLE_DEBUG_INFO = INCLUDE_SOURCE;
				MTL_FAST_MATH = YES;
				ONLY_ACTIVE_ARCH = YES;
				SDKROOT = iphoneos;
				SWIFT_ACTIVE_COMPILATION_CONDITIONS = DEBUG;
				SWIFT_OPTIMIZATION_LEVEL = "-Onone";
			};
			name = Debug;
		};
		64F6820621E4D1880017E63A /* Release */ = {
			isa = XCBuildConfiguration;
			buildSettings = {
				ALWAYS_SEARCH_USER_PATHS = NO;
				CLANG_ANALYZER_NONNULL = YES;
				CLANG_ANALYZER_NUMBER_OBJECT_CONVERSION = YES_AGGRESSIVE;
				CLANG_CXX_LANGUAGE_STANDARD = "gnu++14";
				CLANG_CXX_LIBRARY = "libc++";
				CLANG_ENABLE_MODULES = YES;
				CLANG_ENABLE_OBJC_ARC = YES;
				CLANG_ENABLE_OBJC_WEAK = YES;
				CLANG_WARN_BLOCK_CAPTURE_AUTORELEASING = YES;
				CLANG_WARN_BOOL_CONVERSION = YES;
				CLANG_WARN_COMMA = YES;
				CLANG_WARN_CONSTANT_CONVERSION = YES;
				CLANG_WARN_DEPRECATED_OBJC_IMPLEMENTATIONS = YES;
				CLANG_WARN_DIRECT_OBJC_ISA_USAGE = YES_ERROR;
				CLANG_WARN_DOCUMENTATION_COMMENTS = YES;
				CLANG_WARN_EMPTY_BODY = YES;
				CLANG_WARN_ENUM_CONVERSION = YES;
				CLANG_WARN_INFINITE_RECURSION = YES;
				CLANG_WARN_INT_CONVERSION = YES;
				CLANG_WARN_NON_LITERAL_NULL_CONVERSION = YES;
				CLANG_WARN_OBJC_IMPLICIT_RETAIN_SELF = YES;
				CLANG_WARN_OBJC_LITERAL_CONVERSION = YES;
				CLANG_WARN_OBJC_ROOT_CLASS = YES_ERROR;
				CLANG_WARN_RANGE_LOOP_ANALYSIS = YES;
				CLANG_WARN_STRICT_PROTOTYPES = YES;
				CLANG_WARN_SUSPICIOUS_MOVE = YES;
				CLANG_WARN_UNGUARDED_AVAILABILITY = YES_AGGRESSIVE;
				CLANG_WARN_UNREACHABLE_CODE = YES;
				CLANG_WARN__DUPLICATE_METHOD_MATCH = YES;
				CODE_SIGN_IDENTITY = "iPhone Developer";
				COPY_PHASE_STRIP = NO;
				DEBUG_INFORMATION_FORMAT = "dwarf-with-dsym";
				ENABLE_NS_ASSERTIONS = NO;
				ENABLE_STRICT_OBJC_MSGSEND = YES;
				GCC_C_LANGUAGE_STANDARD = gnu11;
				GCC_NO_COMMON_BLOCKS = YES;
				GCC_WARN_64_TO_32_BIT_CONVERSION = YES;
				GCC_WARN_ABOUT_RETURN_TYPE = YES_ERROR;
				GCC_WARN_UNDECLARED_SELECTOR = YES;
				GCC_WARN_UNINITIALIZED_AUTOS = YES_AGGRESSIVE;
				GCC_WARN_UNUSED_FUNCTION = YES;
				GCC_WARN_UNUSED_VARIABLE = YES;
				IPHONEOS_DEPLOYMENT_TARGET = 12.1;
				MTL_ENABLE_DEBUG_INFO = NO;
				MTL_FAST_MATH = YES;
				SDKROOT = iphoneos;
				SWIFT_COMPILATION_MODE = wholemodule;
				SWIFT_OPTIMIZATION_LEVEL = "-O";
				VALIDATE_PRODUCT = YES;
			};
			name = Release;
		};
		64F6820821E4D1880017E63A /* Debug */ = {
			isa = XCBuildConfiguration;
			baseConfigurationReference = 3B2C0C6DA3622C8A68E09688 /* Pods-snuev-ios.debug.xcconfig */;
			buildSettings = {
				ASSETCATALOG_COMPILER_APPICON_NAME = AppIcon;
				CODE_SIGN_STYLE = Automatic;
				INFOPLIST_FILE = "snuev-ios/Info.plist";
				LD_RUNPATH_SEARCH_PATHS = (
					"$(inherited)",
					"@executable_path/Frameworks",
				);
				PRODUCT_BUNDLE_IDENTIFIER = "waffle.snuev-ios";
				PRODUCT_NAME = "$(TARGET_NAME)";
				SWIFT_VERSION = 4.2;
				TARGETED_DEVICE_FAMILY = "1,2";
			};
			name = Debug;
		};
		64F6820921E4D1880017E63A /* Release */ = {
			isa = XCBuildConfiguration;
			baseConfigurationReference = 29F386CDDCBC44430A2F839C /* Pods-snuev-ios.release.xcconfig */;
			buildSettings = {
				ASSETCATALOG_COMPILER_APPICON_NAME = AppIcon;
				CODE_SIGN_STYLE = Automatic;
				INFOPLIST_FILE = "snuev-ios/Info.plist";
				LD_RUNPATH_SEARCH_PATHS = (
					"$(inherited)",
					"@executable_path/Frameworks",
				);
				PRODUCT_BUNDLE_IDENTIFIER = "waffle.snuev-ios";
				PRODUCT_NAME = "$(TARGET_NAME)";
				SWIFT_VERSION = 4.2;
				TARGETED_DEVICE_FAMILY = "1,2";
			};
			name = Release;
		};
/* End XCBuildConfiguration section */

/* Begin XCConfigurationList section */
		64CE467B21F0D393007EE055 /* Build configuration list for PBXNativeTarget "snuev-ios-tests" */ = {
			isa = XCConfigurationList;
			buildConfigurations = (
				64CE467C21F0D393007EE055 /* Debug */,
				64CE467D21F0D393007EE055 /* Release */,
			);
			defaultConfigurationIsVisible = 0;
			defaultConfigurationName = Release;
		};
		64F681F021E4D1870017E63A /* Build configuration list for PBXProject "snuev-ios" */ = {
			isa = XCConfigurationList;
			buildConfigurations = (
				64F6820521E4D1880017E63A /* Debug */,
				64F6820621E4D1880017E63A /* Release */,
			);
			defaultConfigurationIsVisible = 0;
			defaultConfigurationName = Release;
		};
		64F6820721E4D1880017E63A /* Build configuration list for PBXNativeTarget "snuev-ios" */ = {
			isa = XCConfigurationList;
			buildConfigurations = (
				64F6820821E4D1880017E63A /* Debug */,
				64F6820921E4D1880017E63A /* Release */,
			);
			defaultConfigurationIsVisible = 0;
			defaultConfigurationName = Release;
		};
/* End XCConfigurationList section */
	};
	rootObject = 64F681ED21E4D1870017E63A /* Project object */;
}
